
Microsoft Visual Studio Solution File, Format Version 12.00
# Visual Studio 15
VisualStudioVersion = 15.0.27428.2037
MinimumVisualStudioVersion = 10.0.40219.1
Project("{FAE04EC0-301F-11D3-BF4B-00C04F79EFBC}") = "Announcements", "Announcements\Announcements.csproj", "{6E9647B0-9EE9-4DB1-8498-08B4DDF8342A}"
EndProject
Project("{2150E333-8FDC-42A3-9474-1A3956D46DE8}") = "Shared", "Shared", "{64C64E39-DD3A-4BB9-BEE1-2BA71EAE8F76}"
EndProject
Project("{FAE04EC0-301F-11D3-BF4B-00C04F79EFBC}") = "AnnouncementsApp.Domain", "AnnouncementsApp.Domain\AnnouncementsApp.Domain.csproj", "{57A4D82C-2B5C-4F8D-AA4C-4A25D2AA3A2A}"
EndProject
Project("{2150E333-8FDC-42A3-9474-1A3956D46DE8}") = "Persistence", "Persistence", "{41868FA4-014E-49A1-9D11-79C75EADD967}"
EndProject
Project("{FAE04EC0-301F-11D3-BF4B-00C04F79EFBC}") = "AnnouncementsApp.Persistence", "AnnouncementsApp.Persistence\AnnouncementsApp.Persistence.csproj", "{AF822B1E-B72E-41ED-8103-1CAFEFE82E89}"
EndProject
Project("{FAE04EC0-301F-11D3-BF4B-00C04F79EFBC}") = "AnnouncementsApp.Persistence.EF", "AnnouncementsApp.Persistence.EF\AnnouncementsApp.Persistence.EF.csproj", "{8E210D77-1ACD-4268-8A2F-A72C06402BDC}"
EndProject
Global
	GlobalSection(SolutionConfigurationPlatforms) = preSolution
		Debug|Any CPU = Debug|Any CPU
		Release|Any CPU = Release|Any CPU
	EndGlobalSection
	GlobalSection(ProjectConfigurationPlatforms) = postSolution
		{6E9647B0-9EE9-4DB1-8498-08B4DDF8342A}.Debug|Any CPU.ActiveCfg = Debug|Any CPU
		{6E9647B0-9EE9-4DB1-8498-08B4DDF8342A}.Debug|Any CPU.Build.0 = Debug|Any CPU
		{6E9647B0-9EE9-4DB1-8498-08B4DDF8342A}.Release|Any CPU.ActiveCfg = Release|Any CPU
		{6E9647B0-9EE9-4DB1-8498-08B4DDF8342A}.Release|Any CPU.Build.0 = Release|Any CPU
		{57A4D82C-2B5C-4F8D-AA4C-4A25D2AA3A2A}.Debug|Any CPU.ActiveCfg = Debug|Any CPU
		{57A4D82C-2B5C-4F8D-AA4C-4A25D2AA3A2A}.Debug|Any CPU.Build.0 = Debug|Any CPU
		{57A4D82C-2B5C-4F8D-AA4C-4A25D2AA3A2A}.Release|Any CPU.ActiveCfg = Release|Any CPU
		{57A4D82C-2B5C-4F8D-AA4C-4A25D2AA3A2A}.Release|Any CPU.Build.0 = Release|Any CPU
		{AF822B1E-B72E-41ED-8103-1CAFEFE82E89}.Debug|Any CPU.ActiveCfg = Debug|Any CPU
		{AF822B1E-B72E-41ED-8103-1CAFEFE82E89}.Debug|Any CPU.Build.0 = Debug|Any CPU
		{AF822B1E-B72E-41ED-8103-1CAFEFE82E89}.Release|Any CPU.ActiveCfg = Release|Any CPU
		{AF822B1E-B72E-41ED-8103-1CAFEFE82E89}.Release|Any CPU.Build.0 = Release|Any CPU
		{8E210D77-1ACD-4268-8A2F-A72C06402BDC}.Debug|Any CPU.ActiveCfg = Debug|Any CPU
		{8E210D77-1ACD-4268-8A2F-A72C06402BDC}.Debug|Any CPU.Build.0 = Debug|Any CPU
		{8E210D77-1ACD-4268-8A2F-A72C06402BDC}.Release|Any CPU.ActiveCfg = Release|Any CPU
		{8E210D77-1ACD-4268-8A2F-A72C06402BDC}.Release|Any CPU.Build.0 = Release|Any CPU
	EndGlobalSection
	GlobalSection(SolutionProperties) = preSolution
		HideSolutionNode = FALSE
	EndGlobalSection
	GlobalSection(NestedProjects) = preSolution
		{57A4D82C-2B5C-4F8D-AA4C-4A25D2AA3A2A} = {64C64E39-DD3A-4BB9-BEE1-2BA71EAE8F76}
		{AF822B1E-B72E-41ED-8103-1CAFEFE82E89} = {41868FA4-014E-49A1-9D11-79C75EADD967}
		{8E210D77-1ACD-4268-8A2F-A72C06402BDC} = {41868FA4-014E-49A1-9D11-79C75EADD967}
	EndGlobalSection
	GlobalSection(ExtensibilityGlobals) = postSolution
		SolutionGuid = {85E3A825-82A0-4275-8C5E-C85BEDFCFD45}
	EndGlobalSection
EndGlobal
